
Microsoft Visual Studio Solution File, Format Version 12.00
# Visual Studio Version 16
VisualStudioVersion = 16.0.31129.286
MinimumVisualStudioVersion = 10.0.40219.1
Project("{9A19103F-16F7-4668-BE54-9A1E7A4F7556}") = "KAM", "KAM - DV1 System\KAM.csproj", "{E820907E-482F-4BAF-844E-749784436F50}"
EndProject
Project("{9A19103F-16F7-4668-BE54-9A1E7A4F7556}") = "WebApiGit", "..\..\Visual Web Developer\WebApiGit\WebApiGit.csproj", "{A7609CDF-37D3-4466-8A0F-63B2EB5BF68C}"
EndProject
Global
	GlobalSection(SolutionConfigurationPlatforms) = preSolution
		Debug|Any CPU = Debug|Any CPU
		Release|Any CPU = Release|Any CPU
	EndGlobalSection
	GlobalSection(ProjectConfigurationPlatforms) = postSolution
		{E820907E-482F-4BAF-844E-749784436F50}.Debug|Any CPU.ActiveCfg = Debug|Any CPU
		{E820907E-482F-4BAF-844E-749784436F50}.Debug|Any CPU.Build.0 = Debug|Any CPU
		{E820907E-482F-4BAF-844E-749784436F50}.Release|Any CPU.ActiveCfg = Release|Any CPU
		{E820907E-482F-4BAF-844E-749784436F50}.Release|Any CPU.Build.0 = Release|Any CPU
		{A7609CDF-37D3-4466-8A0F-63B2EB5BF68C}.Debug|Any CPU.ActiveCfg = Debug|Any CPU
		{A7609CDF-37D3-4466-8A0F-63B2EB5BF68C}.Debug|Any CPU.Build.0 = Debug|Any CPU
		{A7609CDF-37D3-4466-8A0F-63B2EB5BF68C}.Release|Any CPU.ActiveCfg = Release|Any CPU
		{A7609CDF-37D3-4466-8A0F-63B2EB5BF68C}.Release|Any CPU.Build.0 = Release|Any CPU
	EndGlobalSection
	GlobalSection(SolutionProperties) = preSolution
		HideSolutionNode = FALSE
	EndGlobalSection
	GlobalSection(ExtensibilityGlobals) = postSolution
		SolutionGuid = {551ED6B9-6DDC-4E8D-9A83-92B748BAF074}
	EndGlobalSection
EndGlobal
